# This file is automatically @generated by Cargo.
# It is not intended for manual editing.
version = 4

[[package]]
name = "capcom"
version = "0.1.0"

[[package]]
name = "capcom-arch-tests"
version = "0.1.0"
dependencies = [
 "capcom",
]

[[package]]
name = "capcom-engine"
version = "0.1.0"
dependencies = [
 "capcom",
]
